
Microsoft Visual Studio Solution File, Format Version 12.00
# Visual Studio 14
VisualStudioVersion = 14.0.23107.0
MinimumVisualStudioVersion = 10.0.40219.1
Project("{2150E333-8FDC-42A3-9474-1A3956D46DE8}") = "EchoWallpaper", "EchoWallpaper", "{41B768AE-711A-4D9E-829B-B743696A2ACD}"
EndProject
Project("{D954291E-2A0B-460D-934E-DC6B0785DB48}") = "EchoWallpaper.Shared", "EchoWallpaper\EchoWallpaper.Shared\EchoWallpaper.Shared.shproj", "{02A5E73C-ABDB-4A0C-B515-0E9ED67C1A46}"
EndProject
Project("{FAE04EC0-301F-11D3-BF4B-00C04F79EFBC}") = "EchoWallpaper.Windows", "EchoWallpaper\EchoWallpaper.Windows\EchoWallpaper.Windows.csproj", "{C913DAD0-BFC4-4842-80F0-D193036120AE}"
EndProject
Project("{FAE04EC0-301F-11D3-BF4B-00C04F79EFBC}") = "EchoWallpaper.Core", "EchoWallpaper.Core\EchoWallpaper.Core.csproj", "{5B72543B-DBFC-4C23-B697-BB8DE4435B01}"
EndProject
Project("{FAE04EC0-301F-11D3-BF4B-00C04F79EFBC}") = "EchoWallpaper.WindowsPhone.Silverlight", "EchoWallpaper.WindowsPhone.Silverlight\EchoWallpaper.WindowsPhone.Silverlight.csproj", "{497F9181-CF89-46ED-81EE-4519B00DEB42}"
EndProject
Project("{FAE04EC0-301F-11D3-BF4B-00C04F79EFBC}") = "EchoWallpaper.WindowsPhone.Silverlight.Background", "EchoWallpaper.WindowsPhone.Silverlight.Background\EchoWallpaper.WindowsPhone.Silverlight.Background.csproj", "{27318DB9-9134-4BAE-89A9-C3AEF521BCBE}"
EndProject
Project("{FAE04EC0-301F-11D3-BF4B-00C04F79EFBC}") = "EchoWallpaper.Windows.Shared", "EchoWallpaper.Windows.Shared\EchoWallpaper.Windows.Shared.csproj", "{1FC4A2FE-1436-4536-8365-A577CC6F4A4A}"
EndProject
Project("{FAE04EC0-301F-11D3-BF4B-00C04F79EFBC}") = "EchoWallpaper.Windows.Background", "EchoWallpaper.Windows.Background\EchoWallpaper.Windows.Background.csproj", "{E49BFDC0-225D-423E-8EEF-47E8C72F9AF8}"
EndProject
Project("{2150E333-8FDC-42A3-9474-1A3956D46DE8}") = "Silverlight", "Silverlight", "{C4FF34C1-2807-4AC1-9CA9-B1F29852A061}"
EndProject
Project("{2150E333-8FDC-42A3-9474-1A3956D46DE8}") = "Windows8.1", "Windows8.1", "{00F35BC5-2DF2-4822-8E4C-76494DC7B2AD}"
EndProject
Project("{2150E333-8FDC-42A3-9474-1A3956D46DE8}") = "Core", "Core", "{8D35780E-248B-4B72-978F-0F5AF117CD19}"
EndProject
Project("{2150E333-8FDC-42A3-9474-1A3956D46DE8}") = "Universal", "Universal", "{A7EC35A5-E644-4B8D-AA1E-11FB1D520368}"
EndProject
Project("{FAE04EC0-301F-11D3-BF4B-00C04F79EFBC}") = "EchoWallpaper.Universal", "EchoWallpaper.Universal\EchoWallpaper.Universal.csproj", "{0D2A70AA-7036-47E1-8B8B-8F138AF99643}"
EndProject
Project("{FAE04EC0-301F-11D3-BF4B-00C04F79EFBC}") = "EchoWallpaper.Universal.Background", "EchoWallpaper.Universal.Background\EchoWallpaper.Universal.Background.csproj", "{DD2787D8-C195-4B26-BA25-2C2757995845}"
EndProject
Project("{FAE04EC0-301F-11D3-BF4B-00C04F79EFBC}") = "EchoWallpaper.Universal.Shared", "EchoWallpaper.Universal.Shared\EchoWallpaper.Universal.Shared.csproj", "{3D3AC0E3-124E-4095-8A18-2AA4BC76A067}"
EndProject
Global
	GlobalSection(SharedMSBuildProjectFiles) = preSolution
		EchoWallpaper\EchoWallpaper.Shared\EchoWallpaper.Shared.projitems*{02a5e73c-abdb-4a0c-b515-0e9ed67c1a46}*SharedItemsImports = 13
		EchoWallpaper\EchoWallpaper.Shared\EchoWallpaper.Shared.projitems*{c913dad0-bfc4-4842-80f0-d193036120ae}*SharedItemsImports = 4
	EndGlobalSection
	GlobalSection(SolutionConfigurationPlatforms) = preSolution
		Debug|Any CPU = Debug|Any CPU
		Debug|ARM = Debug|ARM
		Debug|Mixed Platforms = Debug|Mixed Platforms
		Debug|x64 = Debug|x64
		Debug|x86 = Debug|x86
		Release|Any CPU = Release|Any CPU
		Release|ARM = Release|ARM
		Release|Mixed Platforms = Release|Mixed Platforms
		Release|x64 = Release|x64
		Release|x86 = Release|x86
	EndGlobalSection
	GlobalSection(ProjectConfigurationPlatforms) = postSolution
		{C913DAD0-BFC4-4842-80F0-D193036120AE}.Debug|Any CPU.ActiveCfg = Debug|Any CPU
		{C913DAD0-BFC4-4842-80F0-D193036120AE}.Debug|Any CPU.Build.0 = Debug|Any CPU
		{C913DAD0-BFC4-4842-80F0-D193036120AE}.Debug|Any CPU.Deploy.0 = Debug|Any CPU
		{C913DAD0-BFC4-4842-80F0-D193036120AE}.Debug|ARM.ActiveCfg = Debug|ARM
		{C913DAD0-BFC4-4842-80F0-D193036120AE}.Debug|ARM.Build.0 = Debug|ARM
		{C913DAD0-BFC4-4842-80F0-D193036120AE}.Debug|ARM.Deploy.0 = Debug|ARM
		{C913DAD0-BFC4-4842-80F0-D193036120AE}.Debug|Mixed Platforms.ActiveCfg = Debug|x86
		{C913DAD0-BFC4-4842-80F0-D193036120AE}.Debug|Mixed Platforms.Build.0 = Debug|x86
		{C913DAD0-BFC4-4842-80F0-D193036120AE}.Debug|Mixed Platforms.Deploy.0 = Debug|x86
		{C913DAD0-BFC4-4842-80F0-D193036120AE}.Debug|x64.ActiveCfg = Debug|x64
		{C913DAD0-BFC4-4842-80F0-D193036120AE}.Debug|x64.Build.0 = Debug|x64
		{C913DAD0-BFC4-4842-80F0-D193036120AE}.Debug|x64.Deploy.0 = Debug|x64
		{C913DAD0-BFC4-4842-80F0-D193036120AE}.Debug|x86.ActiveCfg = Debug|x86
		{C913DAD0-BFC4-4842-80F0-D193036120AE}.Debug|x86.Build.0 = Debug|x86
		{C913DAD0-BFC4-4842-80F0-D193036120AE}.Debug|x86.Deploy.0 = Debug|x86
		{C913DAD0-BFC4-4842-80F0-D193036120AE}.Release|Any CPU.ActiveCfg = Release|Any CPU
		{C913DAD0-BFC4-4842-80F0-D193036120AE}.Release|Any CPU.Build.0 = Release|Any CPU
		{C913DAD0-BFC4-4842-80F0-D193036120AE}.Release|Any CPU.Deploy.0 = Release|Any CPU
		{C913DAD0-BFC4-4842-80F0-D193036120AE}.Release|ARM.ActiveCfg = Release|ARM
		{C913DAD0-BFC4-4842-80F0-D193036120AE}.Release|ARM.Build.0 = Release|ARM
		{C913DAD0-BFC4-4842-80F0-D193036120AE}.Release|ARM.Deploy.0 = Release|ARM
		{C913DAD0-BFC4-4842-80F0-D193036120AE}.Release|Mixed Platforms.ActiveCfg = Release|x86
		{C913DAD0-BFC4-4842-80F0-D193036120AE}.Release|Mixed Platforms.Build.0 = Release|x86
		{C913DAD0-BFC4-4842-80F0-D193036120AE}.Release|Mixed Platforms.Deploy.0 = Release|x86
		{C913DAD0-BFC4-4842-80F0-D193036120AE}.Release|x64.ActiveCfg = Release|x64
		{C913DAD0-BFC4-4842-80F0-D193036120AE}.Release|x64.Build.0 = Release|x64
		{C913DAD0-BFC4-4842-80F0-D193036120AE}.Release|x64.Deploy.0 = Release|x64
		{C913DAD0-BFC4-4842-80F0-D193036120AE}.Release|x86.ActiveCfg = Release|x86
		{C913DAD0-BFC4-4842-80F0-D193036120AE}.Release|x86.Build.0 = Release|x86
		{C913DAD0-BFC4-4842-80F0-D193036120AE}.Release|x86.Deploy.0 = Release|x86
		{5B72543B-DBFC-4C23-B697-BB8DE4435B01}.Debug|Any CPU.ActiveCfg = Debug|Any CPU
		{5B72543B-DBFC-4C23-B697-BB8DE4435B01}.Debug|Any CPU.Build.0 = Debug|Any CPU
		{5B72543B-DBFC-4C23-B697-BB8DE4435B01}.Debug|ARM.ActiveCfg = Debug|Any CPU
		{5B72543B-DBFC-4C23-B697-BB8DE4435B01}.Debug|Mixed Platforms.ActiveCfg = Debug|Any CPU
		{5B72543B-DBFC-4C23-B697-BB8DE4435B01}.Debug|Mixed Platforms.Build.0 = Debug|Any CPU
		{5B72543B-DBFC-4C23-B697-BB8DE4435B01}.Debug|x64.ActiveCfg = Debug|Any CPU
		{5B72543B-DBFC-4C23-B697-BB8DE4435B01}.Debug|x86.ActiveCfg = Debug|Any CPU
		{5B72543B-DBFC-4C23-B697-BB8DE4435B01}.Debug|x86.Build.0 = Debug|Any CPU
		{5B72543B-DBFC-4C23-B697-BB8DE4435B01}.Release|Any CPU.ActiveCfg = Release|Any CPU
		{5B72543B-DBFC-4C23-B697-BB8DE4435B01}.Release|Any CPU.Build.0 = Release|Any CPU
		{5B72543B-DBFC-4C23-B697-BB8DE4435B01}.Release|ARM.ActiveCfg = Release|Any CPU
		{5B72543B-DBFC-4C23-B697-BB8DE4435B01}.Release|ARM.Build.0 = Release|Any CPU
		{5B72543B-DBFC-4C23-B697-BB8DE4435B01}.Release|Mixed Platforms.ActiveCfg = Release|Any CPU
		{5B72543B-DBFC-4C23-B697-BB8DE4435B01}.Release|Mixed Platforms.Build.0 = Release|Any CPU
		{5B72543B-DBFC-4C23-B697-BB8DE4435B01}.Release|x64.ActiveCfg = Release|Any CPU
		{5B72543B-DBFC-4C23-B697-BB8DE4435B01}.Release|x86.ActiveCfg = Release|Any CPU
		{497F9181-CF89-46ED-81EE-4519B00DEB42}.Debug|Any CPU.ActiveCfg = Debug|Any CPU
		{497F9181-CF89-46ED-81EE-4519B00DEB42}.Debug|Any CPU.Build.0 = Debug|Any CPU
		{497F9181-CF89-46ED-81EE-4519B00DEB42}.Debug|Any CPU.Deploy.0 = Debug|Any CPU
		{497F9181-CF89-46ED-81EE-4519B00DEB42}.Debug|ARM.ActiveCfg = Debug|ARM
		{497F9181-CF89-46ED-81EE-4519B00DEB42}.Debug|ARM.Build.0 = Debug|ARM
		{497F9181-CF89-46ED-81EE-4519B00DEB42}.Debug|ARM.Deploy.0 = Debug|ARM
		{497F9181-CF89-46ED-81EE-4519B00DEB42}.Debug|Mixed Platforms.ActiveCfg = Debug|x86
		{497F9181-CF89-46ED-81EE-4519B00DEB42}.Debug|Mixed Platforms.Build.0 = Debug|x86
		{497F9181-CF89-46ED-81EE-4519B00DEB42}.Debug|Mixed Platforms.Deploy.0 = Debug|x86
		{497F9181-CF89-46ED-81EE-4519B00DEB42}.Debug|x64.ActiveCfg = Debug|Any CPU
		{497F9181-CF89-46ED-81EE-4519B00DEB42}.Debug|x86.ActiveCfg = Debug|x86
		{497F9181-CF89-46ED-81EE-4519B00DEB42}.Debug|x86.Build.0 = Debug|x86
		{497F9181-CF89-46ED-81EE-4519B00DEB42}.Debug|x86.Deploy.0 = Debug|x86
		{497F9181-CF89-46ED-81EE-4519B00DEB42}.Release|Any CPU.ActiveCfg = Release|Any CPU
		{497F9181-CF89-46ED-81EE-4519B00DEB42}.Release|Any CPU.Build.0 = Release|Any CPU
		{497F9181-CF89-46ED-81EE-4519B00DEB42}.Release|Any CPU.Deploy.0 = Release|Any CPU
		{497F9181-CF89-46ED-81EE-4519B00DEB42}.Release|ARM.ActiveCfg = Release|ARM
		{497F9181-CF89-46ED-81EE-4519B00DEB42}.Release|ARM.Build.0 = Release|ARM
		{497F9181-CF89-46ED-81EE-4519B00DEB42}.Release|ARM.Deploy.0 = Release|ARM
		{497F9181-CF89-46ED-81EE-4519B00DEB42}.Release|Mixed Platforms.ActiveCfg = Release|x86
		{497F9181-CF89-46ED-81EE-4519B00DEB42}.Release|Mixed Platforms.Build.0 = Release|x86
		{497F9181-CF89-46ED-81EE-4519B00DEB42}.Release|Mixed Platforms.Deploy.0 = Release|x86
		{497F9181-CF89-46ED-81EE-4519B00DEB42}.Release|x64.ActiveCfg = Release|Any CPU
		{497F9181-CF89-46ED-81EE-4519B00DEB42}.Release|x86.ActiveCfg = Release|x86
		{497F9181-CF89-46ED-81EE-4519B00DEB42}.Release|x86.Build.0 = Release|x86
		{497F9181-CF89-46ED-81EE-4519B00DEB42}.Release|x86.Deploy.0 = Release|x86
		{27318DB9-9134-4BAE-89A9-C3AEF521BCBE}.Debug|Any CPU.ActiveCfg = Debug|Any CPU
		{27318DB9-9134-4BAE-89A9-C3AEF521BCBE}.Debug|Any CPU.Build.0 = Debug|Any CPU
		{27318DB9-9134-4BAE-89A9-C3AEF521BCBE}.Debug|ARM.ActiveCfg = Debug|ARM
		{27318DB9-9134-4BAE-89A9-C3AEF521BCBE}.Debug|ARM.Build.0 = Debug|ARM
		{27318DB9-9134-4BAE-89A9-C3AEF521BCBE}.Debug|Mixed Platforms.ActiveCfg = Debug|x86
		{27318DB9-9134-4BAE-89A9-C3AEF521BCBE}.Debug|Mixed Platforms.Build.0 = Debug|x86
		{27318DB9-9134-4BAE-89A9-C3AEF521BCBE}.Debug|x64.ActiveCfg = Debug|Any CPU
		{27318DB9-9134-4BAE-89A9-C3AEF521BCBE}.Debug|x86.ActiveCfg = Debug|x86
		{27318DB9-9134-4BAE-89A9-C3AEF521BCBE}.Debug|x86.Build.0 = Debug|x86
		{27318DB9-9134-4BAE-89A9-C3AEF521BCBE}.Release|Any CPU.ActiveCfg = Release|Any CPU
		{27318DB9-9134-4BAE-89A9-C3AEF521BCBE}.Release|Any CPU.Build.0 = Release|Any CPU
		{27318DB9-9134-4BAE-89A9-C3AEF521BCBE}.Release|ARM.ActiveCfg = Release|ARM
		{27318DB9-9134-4BAE-89A9-C3AEF521BCBE}.Release|ARM.Build.0 = Release|ARM
		{27318DB9-9134-4BAE-89A9-C3AEF521BCBE}.Release|Mixed Platforms.ActiveCfg = Release|x86
		{27318DB9-9134-4BAE-89A9-C3AEF521BCBE}.Release|Mixed Platforms.Build.0 = Release|x86
		{27318DB9-9134-4BAE-89A9-C3AEF521BCBE}.Release|x64.ActiveCfg = Release|Any CPU
		{27318DB9-9134-4BAE-89A9-C3AEF521BCBE}.Release|x86.ActiveCfg = Release|x86
		{27318DB9-9134-4BAE-89A9-C3AEF521BCBE}.Release|x86.Build.0 = Release|x86
		{1FC4A2FE-1436-4536-8365-A577CC6F4A4A}.Debug|Any CPU.ActiveCfg = Debug|Any CPU
		{1FC4A2FE-1436-4536-8365-A577CC6F4A4A}.Debug|Any CPU.Build.0 = Debug|Any CPU
		{1FC4A2FE-1436-4536-8365-A577CC6F4A4A}.Debug|ARM.ActiveCfg = Debug|Any CPU
		{1FC4A2FE-1436-4536-8365-A577CC6F4A4A}.Debug|Mixed Platforms.ActiveCfg = Debug|Any CPU
		{1FC4A2FE-1436-4536-8365-A577CC6F4A4A}.Debug|Mixed Platforms.Build.0 = Debug|Any CPU
		{1FC4A2FE-1436-4536-8365-A577CC6F4A4A}.Debug|x64.ActiveCfg = Debug|Any CPU
		{1FC4A2FE-1436-4536-8365-A577CC6F4A4A}.Debug|x86.ActiveCfg = Debug|Any CPU
		{1FC4A2FE-1436-4536-8365-A577CC6F4A4A}.Debug|x86.Build.0 = Debug|Any CPU
		{1FC4A2FE-1436-4536-8365-A577CC6F4A4A}.Release|Any CPU.ActiveCfg = Release|Any CPU
		{1FC4A2FE-1436-4536-8365-A577CC6F4A4A}.Release|Any CPU.Build.0 = Release|Any CPU
		{1FC4A2FE-1436-4536-8365-A577CC6F4A4A}.Release|ARM.ActiveCfg = Release|Any CPU
		{1FC4A2FE-1436-4536-8365-A577CC6F4A4A}.Release|ARM.Build.0 = Release|Any CPU
		{1FC4A2FE-1436-4536-8365-A577CC6F4A4A}.Release|Mixed Platforms.ActiveCfg = Release|Any CPU
		{1FC4A2FE-1436-4536-8365-A577CC6F4A4A}.Release|Mixed Platforms.Build.0 = Release|Any CPU
		{1FC4A2FE-1436-4536-8365-A577CC6F4A4A}.Release|x64.ActiveCfg = Release|Any CPU
		{1FC4A2FE-1436-4536-8365-A577CC6F4A4A}.Release|x86.ActiveCfg = Release|Any CPU
		{E49BFDC0-225D-423E-8EEF-47E8C72F9AF8}.Debug|Any CPU.ActiveCfg = Debug|Any CPU
		{E49BFDC0-225D-423E-8EEF-47E8C72F9AF8}.Debug|Any CPU.Build.0 = Debug|Any CPU
		{E49BFDC0-225D-423E-8EEF-47E8C72F9AF8}.Debug|ARM.ActiveCfg = Debug|Any CPU
		{E49BFDC0-225D-423E-8EEF-47E8C72F9AF8}.Debug|Mixed Platforms.ActiveCfg = Debug|Any CPU
		{E49BFDC0-225D-423E-8EEF-47E8C72F9AF8}.Debug|Mixed Platforms.Build.0 = Debug|Any CPU
		{E49BFDC0-225D-423E-8EEF-47E8C72F9AF8}.Debug|x64.ActiveCfg = Debug|Any CPU
		{E49BFDC0-225D-423E-8EEF-47E8C72F9AF8}.Debug|x86.ActiveCfg = Debug|Any CPU
		{E49BFDC0-225D-423E-8EEF-47E8C72F9AF8}.Debug|x86.Build.0 = Debug|Any CPU
		{E49BFDC0-225D-423E-8EEF-47E8C72F9AF8}.Release|Any CPU.ActiveCfg = Release|Any CPU
		{E49BFDC0-225D-423E-8EEF-47E8C72F9AF8}.Release|Any CPU.Build.0 = Release|Any CPU
		{E49BFDC0-225D-423E-8EEF-47E8C72F9AF8}.Release|ARM.ActiveCfg = Release|Any CPU
		{E49BFDC0-225D-423E-8EEF-47E8C72F9AF8}.Release|ARM.Build.0 = Release|Any CPU
		{E49BFDC0-225D-423E-8EEF-47E8C72F9AF8}.Release|Mixed Platforms.ActiveCfg = Release|Any CPU
		{E49BFDC0-225D-423E-8EEF-47E8C72F9AF8}.Release|Mixed Platforms.Build.0 = Release|Any CPU
		{E49BFDC0-225D-423E-8EEF-47E8C72F9AF8}.Release|x64.ActiveCfg = Release|Any CPU
		{E49BFDC0-225D-423E-8EEF-47E8C72F9AF8}.Release|x86.ActiveCfg = Release|Any CPU
		{0D2A70AA-7036-47E1-8B8B-8F138AF99643}.Debug|Any CPU.ActiveCfg = Debug|x86
		{0D2A70AA-7036-47E1-8B8B-8F138AF99643}.Debug|ARM.ActiveCfg = Debug|ARM
		{0D2A70AA-7036-47E1-8B8B-8F138AF99643}.Debug|ARM.Build.0 = Debug|ARM
		{0D2A70AA-7036-47E1-8B8B-8F138AF99643}.Debug|ARM.Deploy.0 = Debug|ARM
		{0D2A70AA-7036-47E1-8B8B-8F138AF99643}.Debug|Mixed Platforms.ActiveCfg = Debug|x86
		{0D2A70AA-7036-47E1-8B8B-8F138AF99643}.Debug|Mixed Platforms.Build.0 = Debug|x86
		{0D2A70AA-7036-47E1-8B8B-8F138AF99643}.Debug|Mixed Platforms.Deploy.0 = Debug|x86
		{0D2A70AA-7036-47E1-8B8B-8F138AF99643}.Debug|x64.ActiveCfg = Debug|x64
		{0D2A70AA-7036-47E1-8B8B-8F138AF99643}.Debug|x64.Build.0 = Debug|x64
		{0D2A70AA-7036-47E1-8B8B-8F138AF99643}.Debug|x64.Deploy.0 = Debug|x64
		{0D2A70AA-7036-47E1-8B8B-8F138AF99643}.Debug|x86.ActiveCfg = Debug|x86
		{0D2A70AA-7036-47E1-8B8B-8F138AF99643}.Debug|x86.Build.0 = Debug|x86
		{0D2A70AA-7036-47E1-8B8B-8F138AF99643}.Debug|x86.Deploy.0 = Debug|x86
		{0D2A70AA-7036-47E1-8B8B-8F138AF99643}.Release|Any CPU.ActiveCfg = Release|x86
		{0D2A70AA-7036-47E1-8B8B-8F138AF99643}.Release|ARM.ActiveCfg = Release|ARM
		{0D2A70AA-7036-47E1-8B8B-8F138AF99643}.Release|ARM.Build.0 = Release|ARM
		{0D2A70AA-7036-47E1-8B8B-8F138AF99643}.Release|ARM.Deploy.0 = Release|ARM
		{0D2A70AA-7036-47E1-8B8B-8F138AF99643}.Release|Mixed Platforms.ActiveCfg = Release|x86
		{0D2A70AA-7036-47E1-8B8B-8F138AF99643}.Release|Mixed Platforms.Build.0 = Release|x86
		{0D2A70AA-7036-47E1-8B8B-8F138AF99643}.Release|Mixed Platforms.Deploy.0 = Release|x86
		{0D2A70AA-7036-47E1-8B8B-8F138AF99643}.Release|x64.ActiveCfg = Release|x64
		{0D2A70AA-7036-47E1-8B8B-8F138AF99643}.Release|x64.Build.0 = Release|x64
		{0D2A70AA-7036-47E1-8B8B-8F138AF99643}.Release|x64.Deploy.0 = Release|x64
		{0D2A70AA-7036-47E1-8B8B-8F138AF99643}.Release|x86.ActiveCfg = Release|x86
		{0D2A70AA-7036-47E1-8B8B-8F138AF99643}.Release|x86.Build.0 = Release|x86
		{0D2A70AA-7036-47E1-8B8B-8F138AF99643}.Release|x86.Deploy.0 = Release|x86
		{DD2787D8-C195-4B26-BA25-2C2757995845}.Debug|Any CPU.ActiveCfg = Debug|Any CPU
		{DD2787D8-C195-4B26-BA25-2C2757995845}.Debug|Any CPU.Build.0 = Debug|Any CPU
		{DD2787D8-C195-4B26-BA25-2C2757995845}.Debug|ARM.ActiveCfg = Debug|ARM
		{DD2787D8-C195-4B26-BA25-2C2757995845}.Debug|ARM.Build.0 = Debug|ARM
		{DD2787D8-C195-4B26-BA25-2C2757995845}.Debug|Mixed Platforms.ActiveCfg = Debug|x86
		{DD2787D8-C195-4B26-BA25-2C2757995845}.Debug|Mixed Platforms.Build.0 = Debug|x86
		{DD2787D8-C195-4B26-BA25-2C2757995845}.Debug|x64.ActiveCfg = Debug|x64
		{DD2787D8-C195-4B26-BA25-2C2757995845}.Debug|x64.Build.0 = Debug|x64
		{DD2787D8-C195-4B26-BA25-2C2757995845}.Debug|x86.ActiveCfg = Debug|x86
		{DD2787D8-C195-4B26-BA25-2C2757995845}.Debug|x86.Build.0 = Debug|x86
		{DD2787D8-C195-4B26-BA25-2C2757995845}.Release|Any CPU.ActiveCfg = Release|Any CPU
		{DD2787D8-C195-4B26-BA25-2C2757995845}.Release|Any CPU.Build.0 = Release|Any CPU
		{DD2787D8-C195-4B26-BA25-2C2757995845}.Release|ARM.ActiveCfg = Release|ARM
		{DD2787D8-C195-4B26-BA25-2C2757995845}.Release|ARM.Build.0 = Release|ARM
		{DD2787D8-C195-4B26-BA25-2C2757995845}.Release|Mixed Platforms.ActiveCfg = Release|x86
		{DD2787D8-C195-4B26-BA25-2C2757995845}.Release|Mixed Platforms.Build.0 = Release|x86
		{DD2787D8-C195-4B26-BA25-2C2757995845}.Release|x64.ActiveCfg = Release|x64
		{DD2787D8-C195-4B26-BA25-2C2757995845}.Release|x64.Build.0 = Release|x64
		{DD2787D8-C195-4B26-BA25-2C2757995845}.Release|x86.ActiveCfg = Release|x86
		{DD2787D8-C195-4B26-BA25-2C2757995845}.Release|x86.Build.0 = Release|x86
		{3D3AC0E3-124E-4095-8A18-2AA4BC76A067}.Debug|Any CPU.ActiveCfg = Debug|Any CPU
		{3D3AC0E3-124E-4095-8A18-2AA4BC76A067}.Debug|Any CPU.Build.0 = Debug|Any CPU
		{3D3AC0E3-124E-4095-8A18-2AA4BC76A067}.Debug|ARM.ActiveCfg = Debug|ARM
		{3D3AC0E3-124E-4095-8A18-2AA4BC76A067}.Debug|ARM.Build.0 = Debug|ARM
		{3D3AC0E3-124E-4095-8A18-2AA4BC76A067}.Debug|Mixed Platforms.ActiveCfg = Debug|x86
		{3D3AC0E3-124E-4095-8A18-2AA4BC76A067}.Debug|Mixed Platforms.Build.0 = Debug|x86
		{3D3AC0E3-124E-4095-8A18-2AA4BC76A067}.Debug|x64.ActiveCfg = Debug|x64
		{3D3AC0E3-124E-4095-8A18-2AA4BC76A067}.Debug|x64.Build.0 = Debug|x64
		{3D3AC0E3-124E-4095-8A18-2AA4BC76A067}.Debug|x86.ActiveCfg = Debug|x86
		{3D3AC0E3-124E-4095-8A18-2AA4BC76A067}.Debug|x86.Build.0 = Debug|x86
		{3D3AC0E3-124E-4095-8A18-2AA4BC76A067}.Release|Any CPU.ActiveCfg = Release|Any CPU
		{3D3AC0E3-124E-4095-8A18-2AA4BC76A067}.Release|Any CPU.Build.0 = Release|Any CPU
		{3D3AC0E3-124E-4095-8A18-2AA4BC76A067}.Release|ARM.ActiveCfg = Release|ARM
		{3D3AC0E3-124E-4095-8A18-2AA4BC76A067}.Release|ARM.Build.0 = Release|ARM
		{3D3AC0E3-124E-4095-8A18-2AA4BC76A067}.Release|Mixed Platforms.ActiveCfg = Release|x86
		{3D3AC0E3-124E-4095-8A18-2AA4BC76A067}.Release|Mixed Platforms.Build.0 = Release|x86
		{3D3AC0E3-124E-4095-8A18-2AA4BC76A067}.Release|x64.ActiveCfg = Release|x64
		{3D3AC0E3-124E-4095-8A18-2AA4BC76A067}.Release|x64.Build.0 = Release|x64
		{3D3AC0E3-124E-4095-8A18-2AA4BC76A067}.Release|x86.ActiveCfg = Release|x86
		{3D3AC0E3-124E-4095-8A18-2AA4BC76A067}.Release|x86.Build.0 = Release|x86
	EndGlobalSection
	GlobalSection(SolutionProperties) = preSolution
		HideSolutionNode = FALSE
	EndGlobalSection
	GlobalSection(NestedProjects) = preSolution
		{02A5E73C-ABDB-4A0C-B515-0E9ED67C1A46} = {00F35BC5-2DF2-4822-8E4C-76494DC7B2AD}
		{C913DAD0-BFC4-4842-80F0-D193036120AE} = {00F35BC5-2DF2-4822-8E4C-76494DC7B2AD}
		{5B72543B-DBFC-4C23-B697-BB8DE4435B01} = {8D35780E-248B-4B72-978F-0F5AF117CD19}
		{497F9181-CF89-46ED-81EE-4519B00DEB42} = {C4FF34C1-2807-4AC1-9CA9-B1F29852A061}
		{27318DB9-9134-4BAE-89A9-C3AEF521BCBE} = {C4FF34C1-2807-4AC1-9CA9-B1F29852A061}
		{1FC4A2FE-1436-4536-8365-A577CC6F4A4A} = {00F35BC5-2DF2-4822-8E4C-76494DC7B2AD}
		{E49BFDC0-225D-423E-8EEF-47E8C72F9AF8} = {00F35BC5-2DF2-4822-8E4C-76494DC7B2AD}
		{C4FF34C1-2807-4AC1-9CA9-B1F29852A061} = {41B768AE-711A-4D9E-829B-B743696A2ACD}
		{00F35BC5-2DF2-4822-8E4C-76494DC7B2AD} = {41B768AE-711A-4D9E-829B-B743696A2ACD}
		{8D35780E-248B-4B72-978F-0F5AF117CD19} = {41B768AE-711A-4D9E-829B-B743696A2ACD}
		{A7EC35A5-E644-4B8D-AA1E-11FB1D520368} = {41B768AE-711A-4D9E-829B-B743696A2ACD}
		{0D2A70AA-7036-47E1-8B8B-8F138AF99643} = {A7EC35A5-E644-4B8D-AA1E-11FB1D520368}
		{DD2787D8-C195-4B26-BA25-2C2757995845} = {A7EC35A5-E644-4B8D-AA1E-11FB1D520368}
		{3D3AC0E3-124E-4095-8A18-2AA4BC76A067} = {A7EC35A5-E644-4B8D-AA1E-11FB1D520368}
	EndGlobalSection
EndGlobal
